
Microsoft Visual Studio Solution File, Format Version 12.00
# Visual Studio 15
Project("{FAE04EC0-301F-11D3-BF4B-00C04F79EFBC}") = "Assembly-CSharp", "Assembly-CSharp.csproj", "{87884C08-C104-5728-74E9-251760B3AFC7}"
EndProject
Project("{FAE04EC0-301F-11D3-BF4B-00C04F79EFBC}") = "Assembly-CSharp-Editor", "Assembly-CSharp-Editor.csproj", "{A948C584-D60F-AF1B-E420-83C9430C2313}"
EndProject
Global
	GlobalSection(SolutionConfigurationPlatforms) = preSolution
		Debug|Any CPU = Debug|Any CPU
		Release|Any CPU = Release|Any CPU
	EndGlobalSection
	GlobalSection(ProjectConfigurationPlatforms) = postSolution
		{87884C08-C104-5728-74E9-251760B3AFC7}.Debug|Any CPU.ActiveCfg = Debug|Any CPU
		{87884C08-C104-5728-74E9-251760B3AFC7}.Debug|Any CPU.Build.0 = Debug|Any CPU
		{87884C08-C104-5728-74E9-251760B3AFC7}.Release|Any CPU.ActiveCfg = Release|Any CPU
		{87884C08-C104-5728-74E9-251760B3AFC7}.Release|Any CPU.Build.0 = Release|Any CPU
		{A948C584-D60F-AF1B-E420-83C9430C2313}.Debug|Any CPU.ActiveCfg = Debug|Any CPU
		{A948C584-D60F-AF1B-E420-83C9430C2313}.Debug|Any CPU.Build.0 = Debug|Any CPU
		{A948C584-D60F-AF1B-E420-83C9430C2313}.Release|Any CPU.ActiveCfg = Release|Any CPU
		{A948C584-D60F-AF1B-E420-83C9430C2313}.Release|Any CPU.Build.0 = Release|Any CPU
	EndGlobalSection
	GlobalSection(SolutionProperties) = preSolution
		HideSolutionNode = FALSE
	EndGlobalSection
EndGlobal
